<Solution>
  <Folder Name="/GuessingGame1/">
    <Project Path="GuessingGame1/Guessing game/Guessing game.csproj" Id="aeee9541-5f00-498a-8930-8c1c3a1e2ad1" />
  </Folder>
  <Project Path="BasicSearchFunction/BasicSearchFunction.csproj" Id="7add54a2-62f4-4d5d-8b00-f347b0a3755c" />
  <Project Path="Calculator/Calculator.csproj" />
  <Project Path="Calculator/CalculatorLibrary/CalculatorLibrary.csproj" />
  <Project Path="GuessingGame2/GuessingGame2.csproj" />
  <Project Path="HomePageGenerator/HomePageGenerator.csproj" />
  <Project Path="Menu/Menu.csproj" />
  <Project Path="RomanNumeralConverter/RomanNumeralConverter.csproj" />
  <Project Path="Tic-Tac-Toe/Tic-Tac-Toe.csproj" Id="514f5af3-1ff7-41c7-954f-ff122805b45f" />
</Solution>
