<Solution>
  <Folder Name="/GuessingGame1/">
    <Project Path="GuessingGame1/Guessing game/Guessing game.csproj" Id="aeee9541-5f00-498a-8930-8c1c3a1e2ad1" />
  </Folder>
  <Project Path="Calculator/Calculator.csproj" />
  <Project Path="Calculator/CalculatorLibrary/CalculatorLibrary.csproj" />
  <Project Path="GuessingGame2/GuessingGame2.csproj" />
  <Project Path="HomePageGenerator/HomePageGenerator.csproj" />
  <Project Path="Menu/Menu.csproj" />
  <Project Path="RomanNumeralConverter/RomanNumeralConverter.csproj" />
</Solution>
